
Microsoft Visual Studio Solution File, Format Version 12.00
# Visual Studio Version 17
VisualStudioVersion = 17.13.35818.85 d17.13
MinimumVisualStudioVersion = 10.0.40219.1
Project("{FAE04EC0-301F-11D3-BF4B-00C04F79EFBC}") = "WebAppChestionar", "WebAppChestionar.csproj", "{59C2758D-1A6B-4FEA-8778-8D690D740EE2}"
EndProject
Global
	GlobalSection(SolutionConfigurationPlatforms) = preSolution
		Debug|Any CPU = Debug|Any CPU
		Release|Any CPU = Release|Any CPU
	EndGlobalSection
	GlobalSection(ProjectConfigurationPlatforms) = postSolution
		{59C2758D-1A6B-4FEA-8778-8D690D740EE2}.Debug|Any CPU.ActiveCfg = Debug|Any CPU
		{59C2758D-1A6B-4FEA-8778-8D690D740EE2}.Debug|Any CPU.Build.0 = Debug|Any CPU
		{59C2758D-1A6B-4FEA-8778-8D690D740EE2}.Release|Any CPU.ActiveCfg = Release|Any CPU
		{59C2758D-1A6B-4FEA-8778-8D690D740EE2}.Release|Any CPU.Build.0 = Release|Any CPU
	EndGlobalSection
	GlobalSection(SolutionProperties) = preSolution
		HideSolutionNode = FALSE
	EndGlobalSection
	GlobalSection(ExtensibilityGlobals) = postSolution
		SolutionGuid = {1C410C6D-8FDD-4CC0-BA1D-6F630D5954B9}
	EndGlobalSection
EndGlobal
